// !$*UTF8*$!
{
	archiveVersion = 1;
	classes = {
	};
	objectVersion = 46;
	objects = {

/* Begin PBXBuildFile section */
		161A77E417019E2B0009BCB3 /* facebook_like_thumb.png in Resources */ = {isa = PBXBuildFile; fileRef = 161A77E317019E2B0009BCB3 /* facebook_like_thumb.png */; };
		161A77E61701A6310009BCB3 /* AppStore.png in Resources */ = {isa = PBXBuildFile; fileRef = 161A77E51701A6310009BCB3 /* AppStore.png */; };
		161A78301701CA860009BCB3 /* libGoogleAnalytics.a in Frameworks */ = {isa = PBXBuildFile; fileRef = 161A782F1701CA860009BCB3 /* libGoogleAnalytics.a */; };
		161A78321701CAA20009BCB3 /* CoreData.framework in Frameworks */ = {isa = PBXBuildFile; fileRef = 161A78311701CAA20009BCB3 /* CoreData.framework */; };
		161A78341701CAAA0009BCB3 /* SystemConfiguration.framework in Frameworks */ = {isa = PBXBuildFile; fileRef = 161A78331701CAAA0009BCB3 /* SystemConfiguration.framework */; };
		162162A415FED0730071BF8F /* LLAmulSHKConfigurator.m in Sources */ = {isa = PBXBuildFile; fileRef = 162162A315FED0730071BF8F /* LLAmulSHKConfigurator.m */; };
		162162A715FEDF0F0071BF8F /* icon.png in Resources */ = {isa = PBXBuildFile; fileRef = 162162A615FEDF0F0071BF8F /* icon.png */; };
		162162A915FEDFDF0071BF8F /* icon_calendar.png in Resources */ = {isa = PBXBuildFile; fileRef = 162162A815FEDFDF0071BF8F /* icon_calendar.png */; };
		162162AB15FF18040071BF8F /* flag.png in Resources */ = {isa = PBXBuildFile; fileRef = 162162AA15FF18040071BF8F /* flag.png */; };
		162ED6BC15FE555500BB5915 /* LLAboutVC.m in Sources */ = {isa = PBXBuildFile; fileRef = 162ED6BB15FE555500BB5915 /* LLAboutVC.m */; };
		16563E1B160C66A800C8E5C0 /* Default-568h@2x.png in Resources */ = {isa = PBXBuildFile; fileRef = 16563E18160C66A800C8E5C0 /* Default-568h@2x.png */; };
		16563E1C160C66A800C8E5C0 /* Default.png in Resources */ = {isa = PBXBuildFile; fileRef = 16563E19160C66A800C8E5C0 /* Default.png */; };
		16563E1D160C66A800C8E5C0 /* Default@2x.png in Resources */ = {isa = PBXBuildFile; fileRef = 16563E1A160C66A800C8E5C0 /* Default@2x.png */; };
		16563E35160EDFBF00C8E5C0 /* AmulStoryboard~iPad.storyboard in Resources */ = {isa = PBXBuildFile; fileRef = 16563E33160EDFBF00C8E5C0 /* AmulStoryboard~iPad.storyboard */; };
		168F21EF15FF44C800A93265 /* icon.png in Resources */ = {isa = PBXBuildFile; fileRef = 168F21EE15FF44C800A93265 /* icon.png */; };
		169715F615FE0A4E009F833D /* UIKit.framework in Frameworks */ = {isa = PBXBuildFile; fileRef = 169715F515FE0A4E009F833D /* UIKit.framework */; };
		169715F815FE0A4E009F833D /* Foundation.framework in Frameworks */ = {isa = PBXBuildFile; fileRef = 169715F715FE0A4E009F833D /* Foundation.framework */; };
		169715FA15FE0A4E009F833D /* CoreGraphics.framework in Frameworks */ = {isa = PBXBuildFile; fileRef = 169715F915FE0A4E009F833D /* CoreGraphics.framework */; };
		1697160015FE0A4E009F833D /* InfoPlist.strings in Resources */ = {isa = PBXBuildFile; fileRef = 169715FE15FE0A4E009F833D /* InfoPlist.strings */; };
		1697160215FE0A4E009F833D /* main.m in Sources */ = {isa = PBXBuildFile; fileRef = 1697160115FE0A4E009F833D /* main.m */; };
		1697160615FE0A4E009F833D /* LLAppDelegate.m in Sources */ = {isa = PBXBuildFile; fileRef = 1697160515FE0A4E009F833D /* LLAppDelegate.m */; };
		1697160915FE0A4E009F833D /* MainStoryboard.storyboard in Resources */ = {isa = PBXBuildFile; fileRef = 1697160715FE0A4E009F833D /* MainStoryboard.storyboard */; };
		1697161F15FE0E74009F833D /* LLCartoonsTableVC.m in Sources */ = {isa = PBXBuildFile; fileRef = 1697161E15FE0E74009F833D /* LLCartoonsTableVC.m */; };
		1697162315FE0ED7009F833D /* LLCartoonTableCell.m in Sources */ = {isa = PBXBuildFile; fileRef = 1697162215FE0ED7009F833D /* LLCartoonTableCell.m */; };
		1697162615FE14EF009F833D /* pattern.png in Resources */ = {isa = PBXBuildFile; fileRef = 1697162515FE14EF009F833D /* pattern.png */; };
		E6CC908D33054B77AE12EC83 /* libPods.a in Frameworks */ = {isa = PBXBuildFile; fileRef = 91EC50DB710242ABB6C68A2F /* libPods.a */; };
/* End PBXBuildFile section */

/* Begin PBXFileReference section */
		161A77E317019E2B0009BCB3 /* facebook_like_thumb.png */ = {isa = PBXFileReference; lastKnownFileType = image.png; path = facebook_like_thumb.png; sourceTree = "<group>"; };
		161A77E51701A6310009BCB3 /* AppStore.png */ = {isa = PBXFileReference; lastKnownFileType = image.png; path = AppStore.png; sourceTree = "<group>"; };
		161A782A1701CA860009BCB3 /* GAI.h */ = {isa = PBXFileReference; fileEncoding = 4; lastKnownFileType = sourcecode.c.h; name = GAI.h; path = third/GAN/GAI.h; sourceTree = SOURCE_ROOT; };
		161A782B1701CA860009BCB3 /* GAITrackedViewController.h */ = {isa = PBXFileReference; fileEncoding = 4; lastKnownFileType = sourcecode.c.h; name = GAITrackedViewController.h; path = third/GAN/GAITrackedViewController.h; sourceTree = SOURCE_ROOT; };
		161A782C1701CA860009BCB3 /* GAITracker.h */ = {isa = PBXFileReference; fileEncoding = 4; lastKnownFileType = sourcecode.c.h; name = GAITracker.h; path = third/GAN/GAITracker.h; sourceTree = SOURCE_ROOT; };
		161A782D1701CA860009BCB3 /* GAITransaction.h */ = {isa = PBXFileReference; fileEncoding = 4; lastKnownFileType = sourcecode.c.h; name = GAITransaction.h; path = third/GAN/GAITransaction.h; sourceTree = SOURCE_ROOT; };
		161A782E1701CA860009BCB3 /* GAITransactionItem.h */ = {isa = PBXFileReference; fileEncoding = 4; lastKnownFileType = sourcecode.c.h; name = GAITransactionItem.h; path = third/GAN/GAITransactionItem.h; sourceTree = SOURCE_ROOT; };
		161A782F1701CA860009BCB3 /* libGoogleAnalytics.a */ = {isa = PBXFileReference; lastKnownFileType = archive.ar; name = libGoogleAnalytics.a; path = third/GAN/libGoogleAnalytics.a; sourceTree = SOURCE_ROOT; };
		161A78311701CAA20009BCB3 /* CoreData.framework */ = {isa = PBXFileReference; lastKnownFileType = wrapper.framework; name = CoreData.framework; path = System/Library/Frameworks/CoreData.framework; sourceTree = SDKROOT; };
		161A78331701CAAA0009BCB3 /* SystemConfiguration.framework */ = {isa = PBXFileReference; lastKnownFileType = wrapper.framework; name = SystemConfiguration.framework; path = System/Library/Frameworks/SystemConfiguration.framework; sourceTree = SDKROOT; };
		162162A215FED0720071BF8F /* LLAmulSHKConfigurator.h */ = {isa = PBXFileReference; fileEncoding = 4; lastKnownFileType = sourcecode.c.h; path = LLAmulSHKConfigurator.h; sourceTree = "<group>"; };
		162162A315FED0730071BF8F /* LLAmulSHKConfigurator.m */ = {isa = PBXFileReference; fileEncoding = 4; lastKnownFileType = sourcecode.c.objc; path = LLAmulSHKConfigurator.m; sourceTree = "<group>"; };
		162162A615FEDF0F0071BF8F /* icon.png */ = {isa = PBXFileReference; lastKnownFileType = image.png; path = icon.png; sourceTree = "<group>"; };
		162162A815FEDFDF0071BF8F /* icon_calendar.png */ = {isa = PBXFileReference; lastKnownFileType = image.png; path = icon_calendar.png; sourceTree = "<group>"; };
		162162AA15FF18040071BF8F /* flag.png */ = {isa = PBXFileReference; lastKnownFileType = image.png; path = flag.png; sourceTree = "<group>"; };
		162ED6BA15FE555500BB5915 /* LLAboutVC.h */ = {isa = PBXFileReference; fileEncoding = 4; lastKnownFileType = sourcecode.c.h; path = LLAboutVC.h; sourceTree = "<group>"; };
		162ED6BB15FE555500BB5915 /* LLAboutVC.m */ = {isa = PBXFileReference; fileEncoding = 4; lastKnownFileType = sourcecode.c.objc; path = LLAboutVC.m; sourceTree = "<group>"; };
		16563E18160C66A800C8E5C0 /* Default-568h@2x.png */ = {isa = PBXFileReference; lastKnownFileType = image.png; path = "Default-568h@2x.png"; sourceTree = SOURCE_ROOT; };
		16563E19160C66A800C8E5C0 /* Default.png */ = {isa = PBXFileReference; lastKnownFileType = image.png; path = Default.png; sourceTree = SOURCE_ROOT; };
		16563E1A160C66A800C8E5C0 /* Default@2x.png */ = {isa = PBXFileReference; lastKnownFileType = image.png; path = "Default@2x.png"; sourceTree = SOURCE_ROOT; };
		16563E34160EDFBF00C8E5C0 /* en */ = {isa = PBXFileReference; lastKnownFileType = file.storyboard; name = en; path = "en.lproj/AmulStoryboard~iPad.storyboard"; sourceTree = "<group>"; };
		168F21EE15FF44C800A93265 /* icon.png */ = {isa = PBXFileReference; lastKnownFileType = image.png; path = icon.png; sourceTree = "<group>"; };
		169715F115FE0A4E009F833D /* Amul.app */ = {isa = PBXFileReference; explicitFileType = wrapper.application; includeInIndex = 0; path = Amul.app; sourceTree = BUILT_PRODUCTS_DIR; };
		169715F515FE0A4E009F833D /* UIKit.framework */ = {isa = PBXFileReference; includeInIndex = 1; lastKnownFileType = wrapper.framework; name = UIKit.framework; path = System/Library/Frameworks/UIKit.framework; sourceTree = SDKROOT; };
		169715F715FE0A4E009F833D /* Foundation.framework */ = {isa = PBXFileReference; includeInIndex = 1; lastKnownFileType = wrapper.framework; name = Foundation.framework; path = System/Library/Frameworks/Foundation.framework; sourceTree = SDKROOT; };
		169715F915FE0A4E009F833D /* CoreGraphics.framework */ = {isa = PBXFileReference; includeInIndex = 1; lastKnownFileType = wrapper.framework; name = CoreGraphics.framework; path = System/Library/Frameworks/CoreGraphics.framework; sourceTree = SDKROOT; };
		169715FD15FE0A4E009F833D /* Amul-Info.plist */ = {isa = PBXFileReference; lastKnownFileType = text.plist.xml; path = "Amul-Info.plist"; sourceTree = "<group>"; };
		169715FF15FE0A4E009F833D /* en */ = {isa = PBXFileReference; lastKnownFileType = text.plist.strings; name = en; path = en.lproj/InfoPlist.strings; sourceTree = "<group>"; };
		1697160115FE0A4E009F833D /* main.m */ = {isa = PBXFileReference; lastKnownFileType = sourcecode.c.objc; path = main.m; sourceTree = "<group>"; };
		1697160315FE0A4E009F833D /* Amul-Prefix.pch */ = {isa = PBXFileReference; lastKnownFileType = sourcecode.c.h; path = "Amul-Prefix.pch"; sourceTree = "<group>"; };
		1697160415FE0A4E009F833D /* LLAppDelegate.h */ = {isa = PBXFileReference; lastKnownFileType = sourcecode.c.h; path = LLAppDelegate.h; sourceTree = "<group>"; };
		1697160515FE0A4E009F833D /* LLAppDelegate.m */ = {isa = PBXFileReference; lastKnownFileType = sourcecode.c.objc; path = LLAppDelegate.m; sourceTree = "<group>"; };
		1697160815FE0A4E009F833D /* en */ = {isa = PBXFileReference; lastKnownFileType = file.storyboard; name = en; path = en.lproj/MainStoryboard.storyboard; sourceTree = "<group>"; };
		1697161D15FE0E74009F833D /* LLCartoonsTableVC.h */ = {isa = PBXFileReference; fileEncoding = 4; lastKnownFileType = sourcecode.c.h; path = LLCartoonsTableVC.h; sourceTree = "<group>"; };
		1697161E15FE0E74009F833D /* LLCartoonsTableVC.m */ = {isa = PBXFileReference; fileEncoding = 4; lastKnownFileType = sourcecode.c.objc; path = LLCartoonsTableVC.m; sourceTree = "<group>"; };
		1697162115FE0ED7009F833D /* LLCartoonTableCell.h */ = {isa = PBXFileReference; fileEncoding = 4; lastKnownFileType = sourcecode.c.h; path = LLCartoonTableCell.h; sourceTree = "<group>"; };
		1697162215FE0ED7009F833D /* LLCartoonTableCell.m */ = {isa = PBXFileReference; fileEncoding = 4; lastKnownFileType = sourcecode.c.objc; path = LLCartoonTableCell.m; sourceTree = "<group>"; };
		1697162415FE0EF1009F833D /* Amul.h */ = {isa = PBXFileReference; lastKnownFileType = sourcecode.c.h; path = Amul.h; sourceTree = "<group>"; };
		1697162515FE14EF009F833D /* pattern.png */ = {isa = PBXFileReference; lastKnownFileType = image.png; path = pattern.png; sourceTree = "<group>"; };
		5A1ECCA8BD444124B63239DE /* Pods.xcconfig */ = {isa = PBXFileReference; includeInIndex = 1; lastKnownFileType = text.xcconfig; name = Pods.xcconfig; path = Pods/Pods.xcconfig; sourceTree = SOURCE_ROOT; };
		91EC50DB710242ABB6C68A2F /* libPods.a */ = {isa = PBXFileReference; explicitFileType = archive.ar; includeInIndex = 0; path = libPods.a; sourceTree = BUILT_PRODUCTS_DIR; };
/* End PBXFileReference section */

/* Begin PBXFrameworksBuildPhase section */
		169715EE15FE0A4E009F833D /* Frameworks */ = {
			isa = PBXFrameworksBuildPhase;
			buildActionMask = 2147483647;
			files = (
				161A78341701CAAA0009BCB3 /* SystemConfiguration.framework in Frameworks */,
				161A78321701CAA20009BCB3 /* CoreData.framework in Frameworks */,
				169715F615FE0A4E009F833D /* UIKit.framework in Frameworks */,
				169715F815FE0A4E009F833D /* Foundation.framework in Frameworks */,
				169715FA15FE0A4E009F833D /* CoreGraphics.framework in Frameworks */,
				E6CC908D33054B77AE12EC83 /* libPods.a in Frameworks */,
				161A78301701CA860009BCB3 /* libGoogleAnalytics.a in Frameworks */,
			);
			runOnlyForDeploymentPostprocessing = 0;
		};
/* End PBXFrameworksBuildPhase section */

/* Begin PBXGroup section */
		161A78281701CA670009BCB3 /* GAN */ = {
			isa = PBXGroup;
			children = (
				161A782A1701CA860009BCB3 /* GAI.h */,
				161A782B1701CA860009BCB3 /* GAITrackedViewController.h */,
				161A782C1701CA860009BCB3 /* GAITracker.h */,
				161A782D1701CA860009BCB3 /* GAITransaction.h */,
				161A782E1701CA860009BCB3 /* GAITransactionItem.h */,
				161A782F1701CA860009BCB3 /* libGoogleAnalytics.a */,
			);
			name = GAN;
			sourceTree = "<group>";
		};
		169715E615FE0A4E009F833D = {
			isa = PBXGroup;
			children = (
				168F21EE15FF44C800A93265 /* icon.png */,
				169715FB15FE0A4E009F833D /* Amul */,
				169715F415FE0A4E009F833D /* Frameworks */,
				169715F215FE0A4E009F833D /* Products */,
				5A1ECCA8BD444124B63239DE /* Pods.xcconfig */,
			);
			sourceTree = "<group>";
		};
		169715F215FE0A4E009F833D /* Products */ = {
			isa = PBXGroup;
			children = (
				169715F115FE0A4E009F833D /* Amul.app */,
			);
			name = Products;
			sourceTree = "<group>";
		};
		169715F415FE0A4E009F833D /* Frameworks */ = {
			isa = PBXGroup;
			children = (
				161A78331701CAAA0009BCB3 /* SystemConfiguration.framework */,
				161A78311701CAA20009BCB3 /* CoreData.framework */,
				169715F515FE0A4E009F833D /* UIKit.framework */,
				169715F715FE0A4E009F833D /* Foundation.framework */,
				169715F915FE0A4E009F833D /* CoreGraphics.framework */,
				91EC50DB710242ABB6C68A2F /* libPods.a */,
			);
			name = Frameworks;
			sourceTree = "<group>";
		};
		169715FB15FE0A4E009F833D /* Amul */ = {
			isa = PBXGroup;
			children = (
				1697160415FE0A4E009F833D /* LLAppDelegate.h */,
				1697160515FE0A4E009F833D /* LLAppDelegate.m */,
				1697160715FE0A4E009F833D /* MainStoryboard.storyboard */,
				16563E33160EDFBF00C8E5C0 /* AmulStoryboard~iPad.storyboard */,
				1697162415FE0EF1009F833D /* Amul.h */,
				1697161D15FE0E74009F833D /* LLCartoonsTableVC.h */,
				1697161E15FE0E74009F833D /* LLCartoonsTableVC.m */,
				1697162115FE0ED7009F833D /* LLCartoonTableCell.h */,
				1697162215FE0ED7009F833D /* LLCartoonTableCell.m */,
				162ED6BA15FE555500BB5915 /* LLAboutVC.h */,
				162ED6BB15FE555500BB5915 /* LLAboutVC.m */,
				161A78281701CA670009BCB3 /* GAN */,
				169715FC15FE0A4E009F833D /* Supporting Files */,
				162162A215FED0720071BF8F /* LLAmulSHKConfigurator.h */,
				162162A315FED0730071BF8F /* LLAmulSHKConfigurator.m */,
			);
			path = Amul;
			sourceTree = "<group>";
		};
		169715FC15FE0A4E009F833D /* Supporting Files */ = {
			isa = PBXGroup;
			children = (
				161A77E51701A6310009BCB3 /* AppStore.png */,
				161A77E317019E2B0009BCB3 /* facebook_like_thumb.png */,
				16563E18160C66A800C8E5C0 /* Default-568h@2x.png */,
				16563E19160C66A800C8E5C0 /* Default.png */,
				16563E1A160C66A800C8E5C0 /* Default@2x.png */,
				162162AA15FF18040071BF8F /* flag.png */,
				162162A815FEDFDF0071BF8F /* icon_calendar.png */,
				162162A615FEDF0F0071BF8F /* icon.png */,
				1697162515FE14EF009F833D /* pattern.png */,
				169715FD15FE0A4E009F833D /* Amul-Info.plist */,
				169715FE15FE0A4E009F833D /* InfoPlist.strings */,
				1697160115FE0A4E009F833D /* main.m */,
				1697160315FE0A4E009F833D /* Amul-Prefix.pch */,
			);
			name = "Supporting Files";
			sourceTree = "<group>";
		};
/* End PBXGroup section */

/* Begin PBXNativeTarget section */
		169715F015FE0A4E009F833D /* Amul */ = {
			isa = PBXNativeTarget;
			buildConfigurationList = 1697160F15FE0A4E009F833D /* Build configuration list for PBXNativeTarget "Amul" */;
			buildPhases = (
				169715ED15FE0A4E009F833D /* Sources */,
				169715EE15FE0A4E009F833D /* Frameworks */,
				169715EF15FE0A4E009F833D /* Resources */,
				A97F88D9113A46E29EBF0D36 /* Copy Pods Resources */,
			);
			buildRules = (
			);
			dependencies = (
			);
			name = Amul;
			productName = Amul;
			productReference = 169715F115FE0A4E009F833D /* Amul.app */;
			productType = "com.apple.product-type.application";
		};
/* End PBXNativeTarget section */

/* Begin PBXProject section */
		169715E815FE0A4E009F833D /* Project object */ = {
			isa = PBXProject;
			attributes = {
				CLASSPREFIX = LL;
				LastUpgradeCheck = 0440;
				ORGANIZATIONNAME = "Aravind Krishnaswamy";
			};
			buildConfigurationList = 169715EB15FE0A4E009F833D /* Build configuration list for PBXProject "Amul" */;
			compatibilityVersion = "Xcode 3.2";
			developmentRegion = English;
			hasScannedForEncodings = 0;
			knownRegions = (
				en,
			);
			mainGroup = 169715E615FE0A4E009F833D;
			productRefGroup = 169715F215FE0A4E009F833D /* Products */;
			projectDirPath = "";
			projectRoot = "";
			targets = (
				169715F015FE0A4E009F833D /* Amul */,
			);
		};
/* End PBXProject section */

/* Begin PBXResourcesBuildPhase section */
		169715EF15FE0A4E009F833D /* Resources */ = {
			isa = PBXResourcesBuildPhase;
			buildActionMask = 2147483647;
			files = (
				1697160015FE0A4E009F833D /* InfoPlist.strings in Resources */,
				1697160915FE0A4E009F833D /* MainStoryboard.storyboard in Resources */,
				1697162615FE14EF009F833D /* pattern.png in Resources */,
				162162A715FEDF0F0071BF8F /* icon.png in Resources */,
				162162A915FEDFDF0071BF8F /* icon_calendar.png in Resources */,
				162162AB15FF18040071BF8F /* flag.png in Resources */,
				168F21EF15FF44C800A93265 /* icon.png in Resources */,
				16563E1B160C66A800C8E5C0 /* Default-568h@2x.png in Resources */,
				16563E1C160C66A800C8E5C0 /* Default.png in Resources */,
				16563E1D160C66A800C8E5C0 /* Default@2x.png in Resources */,
				16563E35160EDFBF00C8E5C0 /* AmulStoryboard~iPad.storyboard in Resources */,
				161A77E417019E2B0009BCB3 /* facebook_like_thumb.png in Resources */,
				161A77E61701A6310009BCB3 /* AppStore.png in Resources */,
			);
			runOnlyForDeploymentPostprocessing = 0;
		};
/* End PBXResourcesBuildPhase section */

/* Begin PBXShellScriptBuildPhase section */
		A97F88D9113A46E29EBF0D36 /* Copy Pods Resources */ = {
			isa = PBXShellScriptBuildPhase;
			buildActionMask = 2147483647;
			files = (
			);
			inputPaths = (
			);
			name = "Copy Pods Resources";
			outputPaths = (
			);
			runOnlyForDeploymentPostprocessing = 0;
			shellPath = /bin/sh;
			shellScript = "\"${SRCROOT}/Pods/Pods-resources.sh\"\n";
		};
/* End PBXShellScriptBuildPhase section */

/* Begin PBXSourcesBuildPhase section */
		169715ED15FE0A4E009F833D /* Sources */ = {
			isa = PBXSourcesBuildPhase;
			buildActionMask = 2147483647;
			files = (
				1697160215FE0A4E009F833D /* main.m in Sources */,
				1697160615FE0A4E009F833D /* LLAppDelegate.m in Sources */,
				1697161F15FE0E74009F833D /* LLCartoonsTableVC.m in Sources */,
				1697162315FE0ED7009F833D /* LLCartoonTableCell.m in Sources */,
				162ED6BC15FE555500BB5915 /* LLAboutVC.m in Sources */,
				162162A415FED0730071BF8F /* LLAmulSHKConfigurator.m in Sources */,
			);
			runOnlyForDeploymentPostprocessing = 0;
		};
/* End PBXSourcesBuildPhase section */

/* Begin PBXVariantGroup section */
		16563E33160EDFBF00C8E5C0 /* AmulStoryboard~iPad.storyboard */ = {
			isa = PBXVariantGroup;
			children = (
				16563E34160EDFBF00C8E5C0 /* en */,
			);
			name = "AmulStoryboard~iPad.storyboard";
			sourceTree = "<group>";
		};
		169715FE15FE0A4E009F833D /* InfoPlist.strings */ = {
			isa = PBXVariantGroup;
			children = (
				169715FF15FE0A4E009F833D /* en */,
			);
			name = InfoPlist.strings;
			sourceTree = "<group>";
		};
		1697160715FE0A4E009F833D /* MainStoryboard.storyboard */ = {
			isa = PBXVariantGroup;
			children = (
				1697160815FE0A4E009F833D /* en */,
			);
			name = MainStoryboard.storyboard;
			sourceTree = "<group>";
		};
/* End PBXVariantGroup section */

/* Begin XCBuildConfiguration section */
		1697160D15FE0A4E009F833D /* Debug */ = {
			isa = XCBuildConfiguration;
			buildSettings = {
				ALWAYS_SEARCH_USER_PATHS = NO;
				ARCHS = "$(ARCHS_STANDARD_32_BIT)";
				CLANG_CXX_LANGUAGE_STANDARD = "gnu++0x";
				CLANG_ENABLE_OBJC_ARC = YES;
				CLANG_WARN__DUPLICATE_METHOD_MATCH = YES;
				"CODE_SIGN_IDENTITY[sdk=iphoneos*]" = "iPhone Developer";
				COPY_PHASE_STRIP = NO;
				GCC_C_LANGUAGE_STANDARD = gnu99;
				GCC_DYNAMIC_NO_PIC = NO;
				GCC_OPTIMIZATION_LEVEL = 0;
				GCC_PREPROCESSOR_DEFINITIONS = (
					"DEBUG=1",
					"$(inherited)",
				);
				GCC_SYMBOLS_PRIVATE_EXTERN = NO;
				GCC_VERSION = com.apple.compilers.llvm.clang.1_0;
				GCC_WARN_ABOUT_RETURN_TYPE = YES;
				GCC_WARN_UNINITIALIZED_AUTOS = YES;
				GCC_WARN_UNUSED_VARIABLE = YES;
				IPHONEOS_DEPLOYMENT_TARGET = 5.1;
				SDKROOT = iphoneos;
			};
			name = Debug;
		};
		1697160E15FE0A4E009F833D /* Release */ = {
			isa = XCBuildConfiguration;
			buildSettings = {
				ALWAYS_SEARCH_USER_PATHS = NO;
				ARCHS = "$(ARCHS_STANDARD_32_BIT)";
				CLANG_CXX_LANGUAGE_STANDARD = "gnu++0x";
				CLANG_ENABLE_OBJC_ARC = YES;
				CLANG_WARN__DUPLICATE_METHOD_MATCH = YES;
				"CODE_SIGN_IDENTITY[sdk=iphoneos*]" = "iPhone Developer";
				COPY_PHASE_STRIP = YES;
				GCC_C_LANGUAGE_STANDARD = gnu99;
				GCC_VERSION = com.apple.compilers.llvm.clang.1_0;
				GCC_WARN_ABOUT_RETURN_TYPE = YES;
				GCC_WARN_UNINITIALIZED_AUTOS = YES;
				GCC_WARN_UNUSED_VARIABLE = YES;
				IPHONEOS_DEPLOYMENT_TARGET = 5.1;
				OTHER_CFLAGS = "-DNS_BLOCK_ASSERTIONS=1";
				SDKROOT = iphoneos;
				VALIDATE_PRODUCT = YES;
			};
			name = Release;
		};
		1697161015FE0A4E009F833D /* Debug */ = {
			isa = XCBuildConfiguration;
			baseConfigurationReference = 5A1ECCA8BD444124B63239DE /* Pods.xcconfig */;
			buildSettings = {
				"CODE_SIGN_IDENTITY[sdk=iphoneos*]" = "iPhone Developer: Aravind Krishnaswamy (WW5PKY999C)";
				GCC_PRECOMPILE_PREFIX_HEADER = YES;
				GCC_PREFIX_HEADER = "Amul/Amul-Prefix.pch";
				INFOPLIST_FILE = "Amul/Amul-Info.plist";
				IPHONEOS_DEPLOYMENT_TARGET = 6.0;
				LIBRARY_SEARCH_PATHS = (
					"$(inherited)",
					"\"$(SRCROOT)/third/GAN\"",
				);
				PRODUCT_NAME = "$(TARGET_NAME)";
				"PROVISIONING_PROFILE[sdk=iphoneos*]" = "B5928282-B1AE-4040-AFA9-CAB3CADAA8DF";
				TARGETED_DEVICE_FAMILY = 1;
				WRAPPER_EXTENSION = app;
			};
			name = Debug;
		};
		1697161115FE0A4E009F833D /* Release */ = {
			isa = XCBuildConfiguration;
			baseConfigurationReference = 5A1ECCA8BD444124B63239DE /* Pods.xcconfig */;
			buildSettings = {
				"CODE_SIGN_IDENTITY[sdk=iphoneos*]" = "iPhone Distribution: Levitum Software Labs Pvt Ltd";
				GCC_PRECOMPILE_PREFIX_HEADER = YES;
				GCC_PREFIX_HEADER = "Amul/Amul-Prefix.pch";
				INFOPLIST_FILE = "Amul/Amul-Info.plist";
				IPHONEOS_DEPLOYMENT_TARGET = 6.0;
				LIBRARY_SEARCH_PATHS = (
					"$(inherited)",
					"\"$(SRCROOT)/third/GAN\"",
				);
				PRODUCT_NAME = "$(TARGET_NAME)";
				"PROVISIONING_PROFILE[sdk=iphoneos*]" = "";
				TARGETED_DEVICE_FAMILY = 1;
				WRAPPER_EXTENSION = app;
			};
			name = Release;
		};
/* End XCBuildConfiguration section */

/* Begin XCConfigurationList section */
		169715EB15FE0A4E009F833D /* Build configuration list for PBXProject "Amul" */ = {
			isa = XCConfigurationList;
			buildConfigurations = (
				1697160D15FE0A4E009F833D /* Debug */,
				1697160E15FE0A4E009F833D /* Release */,
			);
			defaultConfigurationIsVisible = 0;
			defaultConfigurationName = Release;
		};
		1697160F15FE0A4E009F833D /* Build configuration list for PBXNativeTarget "Amul" */ = {
			isa = XCConfigurationList;
			buildConfigurations = (
				1697161015FE0A4E009F833D /* Debug */,
				1697161115FE0A4E009F833D /* Release */,
			);
			defaultConfigurationIsVisible = 0;
			defaultConfigurationName = Release;
		};
/* End XCConfigurationList section */
	};
	rootObject = 169715E815FE0A4E009F833D /* Project object */;
}
